
Microsoft Visual Studio Solution File, Format Version 12.00
# Visual Studio Version 16
VisualStudioVersion = 16.0.28729.10
MinimumVisualStudioVersion = 10.0.40219.1
Project("{FAE04EC0-301F-11D3-BF4B-00C04F79EFBC}") = "Engnest.Entities", "Engnest.Entities\Engnest.Entities.csproj", "{42E5D29F-4B90-4D91-A793-F529F0EE0EE3}"
EndProject
Global
	GlobalSection(SolutionConfigurationPlatforms) = preSolution
		Debug|Any CPU = Debug|Any CPU
		Release|Any CPU = Release|Any CPU
	EndGlobalSection
	GlobalSection(ProjectConfigurationPlatforms) = postSolution
		{42E5D29F-4B90-4D91-A793-F529F0EE0EE3}.Debug|Any CPU.ActiveCfg = Debug|Any CPU
		{42E5D29F-4B90-4D91-A793-F529F0EE0EE3}.Debug|Any CPU.Build.0 = Debug|Any CPU
		{42E5D29F-4B90-4D91-A793-F529F0EE0EE3}.Release|Any CPU.ActiveCfg = Release|Any CPU
		{42E5D29F-4B90-4D91-A793-F529F0EE0EE3}.Release|Any CPU.Build.0 = Release|Any CPU
	EndGlobalSection
	GlobalSection(SolutionProperties) = preSolution
		HideSolutionNode = FALSE
	EndGlobalSection
	GlobalSection(ExtensibilityGlobals) = postSolution
		SolutionGuid = {A668387C-6889-4D00-9F84-B05131D6AB1A}
	EndGlobalSection
EndGlobal
